
Microsoft Visual Studio Solution File, Format Version 12.00
# Visual Studio Version 17
VisualStudioVersion = 17.3.32825.248
MinimumVisualStudioVersion = 10.0.40219.1
Project("{FAE04EC0-301F-11D3-BF4B-00C04F79EFBC}") = "Week_4_Loops", "Week_4_Loops\Week_4_Loops.csproj", "{22E89414-00F9-4A97-B0F8-E00E1A93C033}"
EndProject
Project("{FAE04EC0-301F-11D3-BF4B-00C04F79EFBC}") = "ForLoopSum", "ForLoopSum\ForLoopSum.csproj", "{766431A9-5F33-450F-9F4C-B037E73E4EA0}"
EndProject
Project("{FAE04EC0-301F-11D3-BF4B-00C04F79EFBC}") = "RandomNumber", "RandomNumber\RandomNumber.csproj", "{244C0D7F-7158-46C4-9DE4-CF6A6B7A9C70}"
EndProject
Project("{FAE04EC0-301F-11D3-BF4B-00C04F79EFBC}") = "WhileLoops", "WhileLoops\WhileLoops.csproj", "{D94895AA-14F6-4E15-B71B-C55DC55EB051}"
EndProject
Global
	GlobalSection(SolutionConfigurationPlatforms) = preSolution
		Debug|Any CPU = Debug|Any CPU
		Release|Any CPU = Release|Any CPU
	EndGlobalSection
	GlobalSection(ProjectConfigurationPlatforms) = postSolution
		{22E89414-00F9-4A97-B0F8-E00E1A93C033}.Debug|Any CPU.ActiveCfg = Debug|Any CPU
		{22E89414-00F9-4A97-B0F8-E00E1A93C033}.Debug|Any CPU.Build.0 = Debug|Any CPU
		{22E89414-00F9-4A97-B0F8-E00E1A93C033}.Release|Any CPU.ActiveCfg = Release|Any CPU
		{22E89414-00F9-4A97-B0F8-E00E1A93C033}.Release|Any CPU.Build.0 = Release|Any CPU
		{766431A9-5F33-450F-9F4C-B037E73E4EA0}.Debug|Any CPU.ActiveCfg = Debug|Any CPU
		{766431A9-5F33-450F-9F4C-B037E73E4EA0}.Debug|Any CPU.Build.0 = Debug|Any CPU
		{766431A9-5F33-450F-9F4C-B037E73E4EA0}.Release|Any CPU.ActiveCfg = Release|Any CPU
		{766431A9-5F33-450F-9F4C-B037E73E4EA0}.Release|Any CPU.Build.0 = Release|Any CPU
		{244C0D7F-7158-46C4-9DE4-CF6A6B7A9C70}.Debug|Any CPU.ActiveCfg = Debug|Any CPU
		{244C0D7F-7158-46C4-9DE4-CF6A6B7A9C70}.Debug|Any CPU.Build.0 = Debug|Any CPU
		{244C0D7F-7158-46C4-9DE4-CF6A6B7A9C70}.Release|Any CPU.ActiveCfg = Release|Any CPU
		{244C0D7F-7158-46C4-9DE4-CF6A6B7A9C70}.Release|Any CPU.Build.0 = Release|Any CPU
		{D94895AA-14F6-4E15-B71B-C55DC55EB051}.Debug|Any CPU.ActiveCfg = Debug|Any CPU
		{D94895AA-14F6-4E15-B71B-C55DC55EB051}.Debug|Any CPU.Build.0 = Debug|Any CPU
		{D94895AA-14F6-4E15-B71B-C55DC55EB051}.Release|Any CPU.ActiveCfg = Release|Any CPU
		{D94895AA-14F6-4E15-B71B-C55DC55EB051}.Release|Any CPU.Build.0 = Release|Any CPU
	EndGlobalSection
	GlobalSection(SolutionProperties) = preSolution
		HideSolutionNode = FALSE
	EndGlobalSection
	GlobalSection(ExtensibilityGlobals) = postSolution
		SolutionGuid = {AC9D4C58-08C5-4306-B7D6-E36160EEBB45}
	EndGlobalSection
EndGlobal
